github.com/tylerstillwater/graceful v1.2.15 h1:f29YjexYraBKRs3ySV5m0n6s/Wq7c/7zAjxgW3ZRfQI=
github.com/tylerstillwater/graceful v1.2.15/go.mod h1:HK6vujBfwZP8V4Qg8A+wmMElt/VLyv9sHRSJon9EUh8=
gopkg.in/mgo.v2 v2.0.0-20190816093944-a6b53ec6cb22 h1:VpOs+IwYnYBaFnrNAeB8UUWtL3vEUnzSCL1nVjPhqrw=
gopkg.in/mgo.v2 v2.0.0-20190816093944-a6b53ec6cb22/go.mod h1:yeKp02qBN3iKW1OzL3MGk2IdtZzaj7SFntXj72NppTA=
